{
  "version": "v1",
  "packages": {
    "better-react": {
      "signature": "bedeb016e8cefb06985ed84b539019c5",
      "file": true,
      "replaced": "^1.2.7"
    },
    "wy-helper": {
      "signature": "749638e0056fdc2c4ea9d034373fccc9",
      "file": true,
      "replaced": "^0.1.11"
    }
  }
}