{
  "version": "v1",
  "packages": {
    "better-react-dom-helper": {
      "signature": "14ac5ee248716ab63d4f736aefa8d84b",
      "file": true,
      "replaced": "^1.2.2"
    },
    "kanren-logic": {
      "signature": "b26f595c9bc42a4307d1ff54def116cd",
      "file": true
    },
    "better-react-helper": {
      "signature": "a8361c5c1b290c11ad286a78ef3748f1",
      "file": true,
      "replaced": "^1.2.5"
    },
    "stylis-creater": {
      "signature": "d1693bbdfb5c43729ac308d9561920da",
      "file": true,
      "replaced": "^1.2.2"
    },
    "better-react": {
      "signature": "51c0f8924f2ba345de3f91ac082d99bc",
      "file": true,
      "replaced": "^1.2.4"
    },
    "better-react-dom": {
      "signature": "582ebde2a3c596d2827503ea78569b3a",
      "file": true,
      "replaced": "^1.2.4"
    }
  }
}