{
  "version": "v1",
  "packages": {
    "kanren-logic": {
      "signature": "7f5341fdb895ec7a491342f706c0b5f0",
      "file": true
    },
    "better-react-helper": {
      "signature": "fec7f9c0bd9d172a1b9568dd0cc80120",
      "file": true,
      "replaced": "^1.2.7"
    },
    "stylis-creater": {
      "signature": "d1693bbdfb5c43729ac308d9561920da",
      "file": true,
      "replaced": "^1.2.2"
    },
    "better-react": {
      "signature": "f5191d55d475baa1419bf377bd37a753",
      "file": true,
      "replaced": "^1.2.6"
    },
    "better-react-dom": {
      "signature": "f60a1eb9df72a045eb6cac8d87522072",
      "file": true,
      "replaced": "^1.2.6"
    },
    "wy-helper": {
      "signature": "482bd8d6b63c51000f27dba112a00f7f",
      "file": true,
      "replaced": "^0.1.0"
    },
    "wy-dom-helper": {
      "signature": "be96a8db7982caee70e56c81658eced7",
      "file": true,
      "replaced": "^0.1.0"
    },
    "better-react-dom-helper": {
      "signature": "b7fb3114fb7c5c04a0599002b37598de",
      "file": true,
      "replaced": "^1.2.4"
    }
  }
}