{
  "version": "v1",
  "packages": {
    "kanren-logic": {
      "signature": "7f5341fdb895ec7a491342f706c0b5f0",
      "file": true
    },
    "better-react-helper": {
      "signature": "b6d9846ee387287feacf3cb10b1b6728",
      "file": true,
      "replaced": "^1.2.7"
    },
    "stylis-creater": {
      "signature": "d1693bbdfb5c43729ac308d9561920da",
      "file": true,
      "replaced": "^1.2.2"
    },
    "better-react": {
      "signature": "154cad02d83ec143db68fe49972d60ec",
      "file": true,
      "replaced": "^1.2.6"
    },
    "better-react-dom": {
      "signature": "4644e4f968c7f153bad8d1d3f877386f",
      "file": true,
      "replaced": "^1.2.6"
    },
    "wy-helper": {
      "signature": "326643a9d507c1a54015c81e0736efea",
      "file": true,
      "replaced": "^0.1.0"
    },
    "wy-dom-helper": {
      "signature": "cf6743029128f1d0da7c8760edfa386c",
      "file": true,
      "replaced": "^0.1.0"
    },
    "better-react-dom-helper": {
      "signature": "d794674c0ffaaf0b751296aa194983d8",
      "file": true,
      "replaced": "^1.2.4"
    }
  }
}