{
  "version": "v1",
  "packages": {
    "better-react-helper": {
      "signature": "809b8d190c2f2d22649e6e941609c012",
      "file": true,
      "replaced": "^1.2.5"
    },
    "better-react": {
      "signature": "bca491a1aadb30466a433c9a87436ad0",
      "file": true,
      "replaced": "^1.2.4"
    },
    "better-react-dom": {
      "signature": "2bdcbe007c3cc79f4f2fef8210087040",
      "file": true,
      "replaced": "^1.2.4"
    },
    "wy-dom-helper": {
      "signature": "18c4708a25e202f6770602c56c929bd7",
      "file": true
    },
    "wy-helper": {
      "signature": "13955a0218d1ae67483bbcaa7bfd09a9",
      "file": true
    }
  }
}