{
  "version": "v1",
  "packages": {
    "better-react": {
      "signature": "a0923750c1b898c0a79f4c34d7bfacbb",
      "file": true
    },
    "better-react-dom": {
      "signature": "a44986faa46727ddd0546a2d8589cfb1",
      "file": true
    },
    "better-react-helper": {
      "signature": "6b0f112ce2567c2359748184ad1b52b6",
      "file": true
    },
    "wy-dom-helper": {
      "signature": "6bc34bafdc44998468b160ae64233925",
      "file": true
    },
    "wy-helper": {
      "signature": "749638e0056fdc2c4ea9d034373fccc9",
      "file": true
    }
  }
}