{
  "version": "v1",
  "packages": {
    "better-react": {
      "signature": "50e1ed07956c1b83ef79b5826bcf0d9b",
      "file": true
    },
    "better-react-dom": {
      "signature": "6b3331e0b11ab3a160409fe389cceee9",
      "file": true
    },
    "better-react-helper": {
      "signature": "bcdfec42640a42026abd9431e865ce6c",
      "file": true
    },
    "wy-dom-helper": {
      "signature": "6fee997f6f0b1d8a2335c33336536ee9",
      "file": true
    },
    "wy-helper": {
      "signature": "77fe1f2b07be00a2c3b4619a1bcd7db1",
      "file": true
    }
  }
}