{
  "version": "v1",
  "packages": {
    "better-react": {
      "signature": "a121d1fd644b300345c7998d1c7a117f",
      "file": true
    },
    "better-react-helper": {
      "signature": "9a7f6dabe915357a17678f1d38e3ec7b",
      "file": true
    },
    "wy-helper": {
      "signature": "6e1153ef7bbff5e09f45a889510f2d89",
      "file": true
    }
  }
}