{
  "version": "v1",
  "packages": {
    "better-react": {
      "signature": "fe2e086dd97b245a912f477ca8c69537",
      "file": true
    },
    "better-react-helper": {
      "signature": "e72b1c49716336cb48d792dfdc1f5b4e",
      "file": true
    },
    "wy-helper": {
      "signature": "4c2a756ad3cc3c3c4c2aec5b1ec5d530",
      "file": true
    },
    "wy-dom-helper": {
      "signature": "c103423337f0a8966dbf457ef12ac778",
      "file": true
    }
  }
}