{
  "version": "v1",
  "packages": {
    "better-react": {
      "signature": "7869021649cfbbe8d1de6aebb5f10e35",
      "file": true
    },
    "better-react-helper": {
      "signature": "76ede1de2e626a5ca71dfcfab9153410",
      "file": true
    },
    "wy-helper": {
      "signature": "bf1e672feda3bddfd94dc888ab28ade3",
      "file": true
    }
  }
}