{
  "version": "v1",
  "packages": {
    "better-react-helper": {
      "signature": "6b0f112ce2567c2359748184ad1b52b6",
      "file": true,
      "replaced": "^1.2.7"
    },
    "better-react": {
      "signature": "a0923750c1b898c0a79f4c34d7bfacbb",
      "file": true,
      "replaced": "^1.2.6"
    },
    "better-react-dom": {
      "signature": "dddc8eb2897d6f520b7ebd7cdac82396",
      "file": true,
      "replaced": "^1.2.6"
    },
    "wy-dom-helper": {
      "signature": "531f74349a3df8b7352ae55d4559a2eb",
      "file": true,
      "replaced": "^0.1.0"
    },
    "better-react-dom-helper": {
      "signature": "b1ec99e5ff4936cec5cb5ac6def027f6",
      "file": true,
      "replaced": "^1.2.4"
    },
    "wy-helper": {
      "signature": "749638e0056fdc2c4ea9d034373fccc9",
      "file": true,
      "replaced": "^0.1.0"
    }
  }
}