{
  "version": "v1",
  "packages": {
    "better-react-helper": {
      "signature": "8f6347fd4fdcd0e19d0f7ca17e274c3e",
      "file": true,
      "replaced": "^1.2.7"
    },
    "better-react": {
      "signature": "e4eb0ba2d1a9839a23fbebd3f8b95660",
      "file": true,
      "replaced": "^1.2.6"
    },
    "better-react-dom": {
      "signature": "1f552db08964e676900133d49fc411cc",
      "file": true,
      "replaced": "^1.2.6"
    },
    "stylis-creater": {
      "signature": "d1693bbdfb5c43729ac308d9561920da",
      "file": true,
      "replaced": "^1.2.0"
    },
    "kanren-logic": {
      "signature": "7f5341fdb895ec7a491342f706c0b5f0",
      "file": true
    },
    "wy-helper": {
      "signature": "e547e127efd233fa4e0c5d6fd1d78c2a",
      "file": true,
      "replaced": "^0.1.0"
    },
    "wy-dom-helper": {
      "signature": "a768f854061ba50d0416603aceb3058e",
      "file": true,
      "replaced": "^0.1.0"
    },
    "better-react-dom-helper": {
      "signature": "49ad520c061ef5e88886e037798f041c",
      "file": true,
      "replaced": "^1.2.4"
    }
  }
}