{
  "version": "v1",
  "packages": {
    "better-react-helper": {
      "signature": "8404bbd67f41a3dfced1b909cb7d9c5c",
      "file": true,
      "replaced": "^1.1.0"
    },
    "better-react-dom-helper": {
      "signature": "09d18c273155a2fcb4bff0f8fd3d6179",
      "file": true,
      "replaced": "^1.0.9"
    },
    "better-react": {
      "signature": "4459238a8b8666a79914c85ff10cd6ac",
      "file": true,
      "replaced": "^1.1.0"
    },
    "better-react-dom": {
      "signature": "4088063955573e4c88bf3701308dfa7f",
      "file": true,
      "replaced": "^1.1.0"
    },
    "stylis-creater": {
      "signature": "4eaf30c18e269929ce65e8a7d3f6b4fe",
      "file": true,
      "replaced": "^1.0.8"
    }
  }
}