# THIS IS AN AUTOGENERATED FILE. DO NOT EDIT THIS FILE DIRECTLY.
# yarn lockfile v1


"@faker-js/faker@^8.2.0":
  version "8.2.0"
  resolved "https://registry.npmjs.org/@faker-js/faker/-/faker-8.2.0.tgz"
  integrity sha512-VacmzZqVxdWdf9y64lDOMZNDMM/FQdtM9IsaOPKOm2suYwEatb8VkdHqOzXcDnZbk7YDE2BmsJmy/2Hmkn563g==

"@motionone/animation@^10.10.1":
  version "10.10.1"
  resolved "https://registry.npmjs.org/@motionone/animation/-/animation-10.10.1.tgz"
  integrity sha512-iX839/Ir5wT7hVX0yCZYjcDhHAOkVR5hIhVBTf37qEUD693uVwrxC2i1BI9vMVPc1rIoFtftYjOtwoO9Oq/aog==
  dependencies:
    "@motionone/easing" "^10.9.0"
    "@motionone/types" "^10.9.0"
    "@motionone/utils" "^10.9.0"
    tslib "^2.3.1"

"@motionone/dom@^10.11.0":
  version "10.11.0"
  resolved "https://registry.npmjs.org/@motionone/dom/-/dom-10.11.0.tgz"
  integrity sha512-ST56HBslkeoeDwqRFWafkD+JT5FEwlHqB2K2KGaQh6wo6zfKQ9xwjQcqgDiBv2gg6s8ycjHAdFS6dnMHQ5hXKw==
  dependencies:
    "@motionone/animation" "^10.10.1"
    "@motionone/generators" "^10.9.0"
    "@motionone/types" "^10.9.0"
    "@motionone/utils" "^10.9.0"
    hey-listen "^1.0.8"
    tslib "^2.3.1"

"@motionone/easing@^10.9.0":
  version "10.9.0"
  resolved "https://registry.npmjs.org/@motionone/easing/-/easing-10.9.0.tgz"
  integrity sha512-FYIr3HlQEb7aE5LOpY6BPQUaPyKeJt6VfGA+npy73+JIGqoVOjbrdZ1ZQxzTXqO76mG3UZvv1+twrDamRQsxFw==
  dependencies:
    "@motionone/utils" "^10.9.0"
    tslib "^2.3.1"

"@motionone/generators@^10.9.0":
  version "10.9.0"
  resolved "https://registry.npmjs.org/@motionone/generators/-/generators-10.9.0.tgz"
  integrity sha512-BOkHx4qQswJV+z/6k05qdvRENE4hG606NI5cIPTsLtSuksnRn83utuj/15VTNoFeYHuTdhwzxvIPvlPVayIGTg==
  dependencies:
    "@motionone/types" "^10.9.0"
    "@motionone/utils" "^10.9.0"
    tslib "^2.3.1"

"@motionone/react@^10.11.0":
  version "10.11.0"
  resolved "https://registry.npmjs.org/@motionone/react/-/react-10.11.0.tgz"
  integrity sha512-FzVA/P9Hcdl5fL/AKrXrQbEuA+RqHBLExl5JkEvqgNyBp4qPQppRRUS9HGJ8SppSBYuNMkJvBBLQVtC9ghk5EQ==
  dependencies:
    "@motionone/dom" "^10.11.0"
    hey-listen "^1.0.8"
    tslib "^2.3.1"

"@motionone/svelte@^10.11.0":
  version "10.11.0"
  resolved "https://registry.npmjs.org/@motionone/svelte/-/svelte-10.11.0.tgz"
  integrity sha512-GRYM9wci0KhFngKgJhtzogjaA3dmWaOkKeM2HMZcTJlpXbIWKVXeADQDv+DiS4uW0l2cqdKqEa1BOpemdwDRAw==
  dependencies:
    "@motionone/dom" "^10.11.0"
    tslib "^2.3.1"

"@motionone/types@^10.9.0":
  version "10.9.0"
  resolved "https://registry.npmjs.org/@motionone/types/-/types-10.9.0.tgz"
  integrity sha512-ZcEDfsrS2ym9+vExV7+59avkzEO/PLkNj16uaDvbWhi0Q/vOZ72j2LQTrtDLWVyZRIeUaB/i8DJP017Gj6UYQw==

"@motionone/utils@^10.9.0":
  version "10.9.0"
  resolved "https://registry.npmjs.org/@motionone/utils/-/utils-10.9.0.tgz"
  integrity sha512-5IgmwQ8TdH1HsQ9d2QZeBCu9+HkqjoYRYItRpmusoyiedPMZaKdU3pr3qFP5nbAj68Ww2sTUxgEZEOF20qJA6w==
  dependencies:
    "@motionone/types" "^10.9.0"
    hey-listen "^1.0.8"
    tslib "^2.3.1"

"@motionone/vue@^10.11.0":
  version "10.11.0"
  resolved "https://registry.npmjs.org/@motionone/vue/-/vue-10.11.0.tgz"
  integrity sha512-2qfkcHsqtJAS5XJCtxsGu0Rkp6oaTOPeuaeoOKiv9e7A3CpB5o6ZTHLjG5IeRoAGiEQFhX73TsEx4kne4gW33g==
  dependencies:
    "@motionone/dom" "^10.11.0"
    tslib "^2.3.1"

"@types/d3-array@*":
  version "3.0.7"
  resolved "https://registry.npmjs.org/@types/d3-array/-/d3-array-3.0.7.tgz"
  integrity sha512-4/Q0FckQ8TBjsB0VdGFemJOG8BLXUB2KKlL0VmZ+eOYeOnTb/wDRQqYWpBmQ6IlvWkXwkYiot+n9Px2aTJ7zGQ==

"@types/d3-axis@*":
  version "3.0.3"
  resolved "https://registry.npmjs.org/@types/d3-axis/-/d3-axis-3.0.3.tgz"
  integrity sha512-SE3x/pLO/+GIHH17mvs1uUVPkZ3bHquGzvZpPAh4yadRy71J93MJBpgK/xY8l9gT28yTN1g9v3HfGSFeBMmwZw==
  dependencies:
    "@types/d3-selection" "*"

"@types/d3-brush@*":
  version "3.0.3"
  resolved "https://registry.npmjs.org/@types/d3-brush/-/d3-brush-3.0.3.tgz"
  integrity sha512-MQ1/M/B5ifTScHSe5koNkhxn2mhUPqXjGuKjjVYckplAPjP9t2I2sZafb/YVHDwhoXWZoSav+Q726eIbN3qprA==
  dependencies:
    "@types/d3-selection" "*"

"@types/d3-chord@*":
  version "3.0.3"
  resolved "https://registry.npmjs.org/@types/d3-chord/-/d3-chord-3.0.3.tgz"
  integrity sha512-keuSRwO02c7PBV3JMWuctIfdeJrVFI7RpzouehvBWL4/GGUB3PBNg/9ZKPZAgJphzmS2v2+7vr7BGDQw1CAulw==

"@types/d3-color@*":
  version "3.1.0"
  resolved "https://registry.npmjs.org/@types/d3-color/-/d3-color-3.1.0.tgz"
  integrity sha512-HKuicPHJuvPgCD+np6Se9MQvS6OCbJmOjGvylzMJRlDwUXjKTTXs6Pwgk79O09Vj/ho3u1ofXnhFOaEWWPrlwA==

"@types/d3-contour@*":
  version "3.0.3"
  resolved "https://registry.npmjs.org/@types/d3-contour/-/d3-contour-3.0.3.tgz"
  integrity sha512-x7G/tdDZt4m09XZnG2SutbIuQqmkNYqR9uhDMdPlpJbcwepkEjEWG29euFcgVA1k6cn92CHdDL9Z+fOnxnbVQw==
  dependencies:
    "@types/d3-array" "*"
    "@types/geojson" "*"

"@types/d3-delaunay@*":
  version "6.0.1"
  resolved "https://registry.npmjs.org/@types/d3-delaunay/-/d3-delaunay-6.0.1.tgz"
  integrity sha512-tLxQ2sfT0p6sxdG75c6f/ekqxjyYR0+LwPrsO1mbC9YDBzPJhs2HbJJRrn8Ez1DBoHRo2yx7YEATI+8V1nGMnQ==

"@types/d3-dispatch@*":
  version "3.0.3"
  resolved "https://registry.npmjs.org/@types/d3-dispatch/-/d3-dispatch-3.0.3.tgz"
  integrity sha512-Df7KW3Re7G6cIpIhQtqHin8yUxUHYAqiE41ffopbmU5+FifYUNV7RVyTg8rQdkEagg83m14QtS8InvNb95Zqug==

"@types/d3-drag@*":
  version "3.0.3"
  resolved "https://registry.npmjs.org/@types/d3-drag/-/d3-drag-3.0.3.tgz"
  integrity sha512-82AuQMpBQjuXeIX4tjCYfWjpm3g7aGCfx6dFlxX2JlRaiME/QWcHzBsINl7gbHCODA2anPYlL31/Trj/UnjK9A==
  dependencies:
    "@types/d3-selection" "*"

"@types/d3-dsv@*":
  version "3.0.2"
  resolved "https://registry.npmjs.org/@types/d3-dsv/-/d3-dsv-3.0.2.tgz"
  integrity sha512-DooW5AOkj4AGmseVvbwHvwM/Ltu0Ks0WrhG6r5FG9riHT5oUUTHz6xHsHqJSVU8ZmPkOqlUEY2obS5C9oCIi2g==

"@types/d3-ease@*":
  version "3.0.0"
  resolved "https://registry.npmjs.org/@types/d3-ease/-/d3-ease-3.0.0.tgz"
  integrity sha512-aMo4eaAOijJjA6uU+GIeW018dvy9+oH5Y2VPPzjjfxevvGQ/oRDs+tfYC9b50Q4BygRR8yE2QCLsrT0WtAVseA==

"@types/d3-fetch@*":
  version "3.0.3"
  resolved "https://registry.npmjs.org/@types/d3-fetch/-/d3-fetch-3.0.3.tgz"
  integrity sha512-/EsDKRiQkby3Z/8/AiZq8bsuLDo/tYHnNIZkUpSeEHWV7fHUl6QFBjvMPbhkKGk9jZutzfOkGygCV7eR/MkcXA==
  dependencies:
    "@types/d3-dsv" "*"

"@types/d3-force@*":
  version "3.0.5"
  resolved "https://registry.npmjs.org/@types/d3-force/-/d3-force-3.0.5.tgz"
  integrity sha512-EGG+IWx93ESSXBwfh/5uPuR9Hp8M6o6qEGU7bBQslxCvrdUBQZha/EFpu/VMdLU4B0y4Oe4h175nSm7p9uqFug==

"@types/d3-format@*":
  version "3.0.1"
  resolved "https://registry.npmjs.org/@types/d3-format/-/d3-format-3.0.1.tgz"
  integrity sha512-5KY70ifCCzorkLuIkDe0Z9YTf9RR2CjBX1iaJG+rgM/cPP+sO+q9YdQ9WdhQcgPj1EQiJ2/0+yUkkziTG6Lubg==

"@types/d3-geo@*":
  version "3.0.4"
  resolved "https://registry.npmjs.org/@types/d3-geo/-/d3-geo-3.0.4.tgz"
  integrity sha512-kmUK8rVVIBPKJ1/v36bk2aSgwRj2N/ZkjDT+FkMT5pgedZoPlyhaG62J+9EgNIgUXE6IIL0b7bkLxCzhE6U4VQ==
  dependencies:
    "@types/geojson" "*"

"@types/d3-hierarchy@*":
  version "3.1.3"
  resolved "https://registry.npmjs.org/@types/d3-hierarchy/-/d3-hierarchy-3.1.3.tgz"
  integrity sha512-GpSK308Xj+HeLvogfEc7QsCOcIxkDwLhFYnOoohosEzOqv7/agxwvJER1v/kTC+CY1nfazR0F7gnHo7GE41/fw==

"@types/d3-interpolate@*":
  version "3.0.1"
  resolved "https://registry.npmjs.org/@types/d3-interpolate/-/d3-interpolate-3.0.1.tgz"
  integrity sha512-jx5leotSeac3jr0RePOH1KdR9rISG91QIE4Q2PYTu4OymLTZfA3SrnURSLzKH48HmXVUru50b8nje4E79oQSQw==
  dependencies:
    "@types/d3-color" "*"

"@types/d3-path@*":
  version "3.0.0"
  resolved "https://registry.npmjs.org/@types/d3-path/-/d3-path-3.0.0.tgz"
  integrity sha512-0g/A+mZXgFkQxN3HniRDbXMN79K3CdTpLsevj+PXiTcb2hVyvkZUBg37StmgCQkaD84cUJ4uaDAWq7UJOQy2Tg==

"@types/d3-polygon@*":
  version "3.0.0"
  resolved "https://registry.npmjs.org/@types/d3-polygon/-/d3-polygon-3.0.0.tgz"
  integrity sha512-D49z4DyzTKXM0sGKVqiTDTYr+DHg/uxsiWDAkNrwXYuiZVd9o9wXZIo+YsHkifOiyBkmSWlEngHCQme54/hnHw==

"@types/d3-quadtree@*":
  version "3.0.2"
  resolved "https://registry.npmjs.org/@types/d3-quadtree/-/d3-quadtree-3.0.2.tgz"
  integrity sha512-QNcK8Jguvc8lU+4OfeNx+qnVy7c0VrDJ+CCVFS9srBo2GL9Y18CnIxBdTF3v38flrGy5s1YggcoAiu6s4fLQIw==

"@types/d3-random@*":
  version "3.0.1"
  resolved "https://registry.npmjs.org/@types/d3-random/-/d3-random-3.0.1.tgz"
  integrity sha512-IIE6YTekGczpLYo/HehAy3JGF1ty7+usI97LqraNa8IiDur+L44d0VOjAvFQWJVdZOJHukUJw+ZdZBlgeUsHOQ==

"@types/d3-scale-chromatic@*":
  version "3.0.0"
  resolved "https://registry.npmjs.org/@types/d3-scale-chromatic/-/d3-scale-chromatic-3.0.0.tgz"
  integrity sha512-dsoJGEIShosKVRBZB0Vo3C8nqSDqVGujJU6tPznsBJxNJNwMF8utmS83nvCBKQYPpjCzaaHcrf66iTRpZosLPw==

"@types/d3-scale@*":
  version "4.0.4"
  resolved "https://registry.npmjs.org/@types/d3-scale/-/d3-scale-4.0.4.tgz"
  integrity sha512-eq1ZeTj0yr72L8MQk6N6heP603ubnywSDRfNpi5enouR112HzGLS6RIvExCzZTraFF4HdzNpJMwA/zGiMoHUUw==
  dependencies:
    "@types/d3-time" "*"

"@types/d3-selection@*":
  version "3.0.6"
  resolved "https://registry.npmjs.org/@types/d3-selection/-/d3-selection-3.0.6.tgz"
  integrity sha512-2ACr96USZVjXR9KMD9IWi1Epo4rSDKnUtYn6q2SPhYxykvXTw9vR77lkFNruXVg4i1tzQtBxeDMx0oNvJWbF1w==

"@types/d3-shape@*":
  version "3.1.2"
  resolved "https://registry.npmjs.org/@types/d3-shape/-/d3-shape-3.1.2.tgz"
  integrity sha512-NN4CXr3qeOUNyK5WasVUV8NCSAx/CRVcwcb0BuuS1PiTqwIm6ABi1SyasLZ/vsVCFDArF+W4QiGzSry1eKYQ7w==
  dependencies:
    "@types/d3-path" "*"

"@types/d3-time-format@*":
  version "4.0.0"
  resolved "https://registry.npmjs.org/@types/d3-time-format/-/d3-time-format-4.0.0.tgz"
  integrity sha512-yjfBUe6DJBsDin2BMIulhSHmr5qNR5Pxs17+oW4DoVPyVIXZ+m6bs7j1UVKP08Emv6jRmYrYqxYzO63mQxy1rw==

"@types/d3-time@*":
  version "3.0.0"
  resolved "https://registry.npmjs.org/@types/d3-time/-/d3-time-3.0.0.tgz"
  integrity sha512-sZLCdHvBUcNby1cB6Fd3ZBrABbjz3v1Vm90nysCQ6Vt7vd6e/h9Lt7SiJUoEX0l4Dzc7P5llKyhqSi1ycSf1Hg==

"@types/d3-timer@*":
  version "3.0.0"
  resolved "https://registry.npmjs.org/@types/d3-timer/-/d3-timer-3.0.0.tgz"
  integrity sha512-HNB/9GHqu7Fo8AQiugyJbv6ZxYz58wef0esl4Mv828w1ZKpAshw/uFWVDUcIB9KKFeFKoxS3cHY07FFgtTRZ1g==

"@types/d3-transition@*":
  version "3.0.4"
  resolved "https://registry.npmjs.org/@types/d3-transition/-/d3-transition-3.0.4.tgz"
  integrity sha512-512a4uCOjUzsebydItSXsHrPeQblCVk8IKjqCUmrlvBWkkVh3donTTxmURDo1YPwIVDh5YVwCAO6gR4sgimCPQ==
  dependencies:
    "@types/d3-selection" "*"

"@types/d3-zoom@*":
  version "3.0.4"
  resolved "https://registry.npmjs.org/@types/d3-zoom/-/d3-zoom-3.0.4.tgz"
  integrity sha512-cqkuY1ah9ZQre2POqjSLcM8g40UVya/qwEUrNYP2/rCVljbmqKCVcv+ebvwhlI5azIbSEL7m+os6n+WlYA43aA==
  dependencies:
    "@types/d3-interpolate" "*"
    "@types/d3-selection" "*"

"@types/d3@^7.4.0":
  version "7.4.0"
  resolved "https://registry.npmjs.org/@types/d3/-/d3-7.4.0.tgz"
  integrity sha512-jIfNVK0ZlxcuRDKtRS/SypEyOQ6UHaFQBKv032X45VvxSJ6Yi5G9behy9h6tNTHTDGh5Vq+KbmBjUWLgY4meCA==
  dependencies:
    "@types/d3-array" "*"
    "@types/d3-axis" "*"
    "@types/d3-brush" "*"
    "@types/d3-chord" "*"
    "@types/d3-color" "*"
    "@types/d3-contour" "*"
    "@types/d3-delaunay" "*"
    "@types/d3-dispatch" "*"
    "@types/d3-drag" "*"
    "@types/d3-dsv" "*"
    "@types/d3-ease" "*"
    "@types/d3-fetch" "*"
    "@types/d3-force" "*"
    "@types/d3-format" "*"
    "@types/d3-geo" "*"
    "@types/d3-hierarchy" "*"
    "@types/d3-interpolate" "*"
    "@types/d3-path" "*"
    "@types/d3-polygon" "*"
    "@types/d3-quadtree" "*"
    "@types/d3-random" "*"
    "@types/d3-scale" "*"
    "@types/d3-scale-chromatic" "*"
    "@types/d3-selection" "*"
    "@types/d3-shape" "*"
    "@types/d3-time" "*"
    "@types/d3-time-format" "*"
    "@types/d3-timer" "*"
    "@types/d3-transition" "*"
    "@types/d3-zoom" "*"

"@types/geojson@*":
  version "7946.0.10"
  resolved "https://registry.npmjs.org/@types/geojson/-/geojson-7946.0.10.tgz"
  integrity sha512-Nmh0K3iWQJzniTuPRcJn5hxXkfB1T1pgB89SBig5PlJQU5yocazeu4jATJlaA0GYFKWMqDdvYemoSnF2pXgLVA==

"@types/prismjs@^1.26.0":
  version "1.26.0"
  resolved "https://registry.npmjs.org/@types/prismjs/-/prismjs-1.26.0.tgz"
  integrity sha512-ZTaqn/qSqUuAq1YwvOFQfVW1AR/oQJlLSZVustdjwI+GZ8kr0MSHBj0tsXPW1EqHubx50gtBEjbPGsdZwQwCjQ==

"@types/topojson-client@*":
  version "3.1.2"
  resolved "https://registry.npmjs.org/@types/topojson-client/-/topojson-client-3.1.2.tgz"
  integrity sha512-Lp6ZDxSQf9Tr4IcV/aJ72Zk1Fso7oPg1AbLKF4b6Jc5k05z+WK7nmmpfneKsnbj1NNUwj2SgydBZyJzc4O865w==
  dependencies:
    "@types/geojson" "*"
    "@types/topojson-specification" "*"

"@types/topojson-server@*":
  version "3.0.2"
  resolved "https://registry.npmjs.org/@types/topojson-server/-/topojson-server-3.0.2.tgz"
  integrity sha512-GAa4b3+tTnNID68Fmx1G2VSAvDHXlyHDCfpPFZxYEch/9qV38y5WsGpQIqcyRHd1cdtCJpcKZ3xpm8Q+Lvvr2A==
  dependencies:
    "@types/geojson" "*"
    "@types/topojson-specification" "*"

"@types/topojson-simplify@*":
  version "3.0.1"
  resolved "https://registry.npmjs.org/@types/topojson-simplify/-/topojson-simplify-3.0.1.tgz"
  integrity sha512-H7SS2X11Lo3iRT3e7R6jPTAazOoSLD0LKIGq1b+4m/76Md46JfeU3zVIhxfIX9FY7oiyEbXwGumjK1GUXwIIMA==
  dependencies:
    "@types/geojson" "*"
    "@types/topojson-specification" "*"

"@types/topojson-specification@*":
  version "1.0.3"
  resolved "https://registry.npmjs.org/@types/topojson-specification/-/topojson-specification-1.0.3.tgz"
  integrity sha512-0rGL/Buelb+H2SVfmDRSDNxWgYQk4U/R18wrFc2DOfBKHaKOSz9bXbLQxAFY7j16e1E182bGwoSJdUhRq9fqBA==
  dependencies:
    "@types/geojson" "*"

"@types/topojson@^3.2.4":
  version "3.2.4"
  resolved "https://registry.npmjs.org/@types/topojson/-/topojson-3.2.4.tgz"
  integrity sha512-aEX3V0JvhEg/8ehKKFHSyKb//1bAPzNTrNaeslNUrDAxfqlb2bepwO9/kafmGWKCPeZOsIZJmsTq4Ya6D40SPA==
  dependencies:
    "@types/geojson" "*"
    "@types/topojson-client" "*"
    "@types/topojson-server" "*"
    "@types/topojson-simplify" "*"
    "@types/topojson-specification" "*"

"better-react-dom-helper@file:.yalc/better-react-dom-helper":
  version "1.2.2"
  resolved "file:.yalc/better-react-dom-helper"

better-react-dom@^1.2.4, "better-react-dom@file:.yalc/better-react-dom":
  version "1.2.4"
  resolved "file:.yalc/better-react-dom"
  dependencies:
    csstype "^3.1.0"

better-react-helper@^1.2.5, "better-react-helper@file:.yalc/better-react-helper":
  version "1.2.5"
  resolved "file:.yalc/better-react-helper"

better-react@^1.2.4:
  version "1.2.4"
  resolved "https://registry.npmjs.org/better-react/-/better-react-1.2.4.tgz"
  integrity sha512-L38yHL6kCBDmOWGhzWKnyui1TKssxoG2OHjB/N9bMkIlnGLEq733Fw86p+2feyR+YaZoDoRgAv/LQJ+o43+/rw==

commander@2:
  version "2.20.3"
  resolved "https://registry.npmjs.org/commander/-/commander-2.20.3.tgz"
  integrity sha512-GpVkmM8vF2vQUkj2LvZmD35JxeJOLCwJ9cUkugyk2nuhbv3+mJvpLYYt+0+USMxE+oj+ey/lJEnhZw75x/OMcQ==

commander@7:
  version "7.2.0"
  resolved "https://registry.npmjs.org/commander/-/commander-7.2.0.tgz"
  integrity sha512-QrWXB+ZQSVPmIWIhtEO9H+gwHaMGYiF5ChvoJ+K9ZGHG/sVsa6yiesAD1GC/x46sET00Xlwo1u49RVVVzvcSkw==

csstype@^3.1.0:
  version "3.1.0"
  resolved "https://registry.npmjs.org/csstype/-/csstype-3.1.0.tgz"
  integrity sha512-uX1KG+x9h5hIJsaKR9xHUeUraxf8IODOwq9JLNPq6BwB04a/xgpq3rcx47l5BZu5zBPlgD342tdke3Hom/nJRA==

d3-array@^3.2.0, "d3-array@2 - 3", "d3-array@2.10.0 - 3", "d3-array@2.5.0 - 3", d3-array@3:
  version "3.2.4"
  resolved "https://registry.npmjs.org/d3-array/-/d3-array-3.2.4.tgz"
  integrity sha512-tdQAmyA18i4J7wprpYq8ClcxZy3SC31QMeByyCFyRt7BVHdREQZ5lpzoe5mFEYZUWe+oq8HBvk9JjpibyEV4Jg==
  dependencies:
    internmap "1 - 2"

d3-axis@3:
  version "3.0.0"
  resolved "https://registry.npmjs.org/d3-axis/-/d3-axis-3.0.0.tgz"
  integrity sha512-IH5tgjV4jE/GhHkRV0HiVYPDtvfjHQlQfJHs0usq7M30XcSBvOotpmH1IgkcXsO/5gEQZD43B//fc7SRT5S+xw==

d3-brush@3:
  version "3.0.0"
  resolved "https://registry.npmjs.org/d3-brush/-/d3-brush-3.0.0.tgz"
  integrity sha512-ALnjWlVYkXsVIGlOsuWH1+3udkYFI48Ljihfnh8FZPF2QS9o+PzGLBslO0PjzVoHLZ2KCVgAM8NVkXPJB2aNnQ==
  dependencies:
    d3-dispatch "1 - 3"
    d3-drag "2 - 3"
    d3-interpolate "1 - 3"
    d3-selection "3"
    d3-transition "3"

d3-chord@3:
  version "3.0.1"
  resolved "https://registry.npmjs.org/d3-chord/-/d3-chord-3.0.1.tgz"
  integrity sha512-VE5S6TNa+j8msksl7HwjxMHDM2yNK3XCkusIlpX5kwauBfXuyLAtNg9jCp/iHH61tgI4sb6R/EIMWCqEIdjT/g==
  dependencies:
    d3-path "1 - 3"

"d3-color@1 - 3", d3-color@3:
  version "3.1.0"
  resolved "https://registry.npmjs.org/d3-color/-/d3-color-3.1.0.tgz"
  integrity sha512-zg/chbXyeBtMQ1LbD/WSoW2DpC3I0mpmPdW+ynRTj/x2DAWYrIY7qeZIHidozwV24m4iavr15lNwIwLxRmOxhA==

d3-contour@4:
  version "4.0.2"
  resolved "https://registry.npmjs.org/d3-contour/-/d3-contour-4.0.2.tgz"
  integrity sha512-4EzFTRIikzs47RGmdxbeUvLWtGedDUNkTcmzoeyg4sP/dvCexO47AaQL7VKy/gul85TOxw+IBgA8US2xwbToNA==
  dependencies:
    d3-array "^3.2.0"

d3-delaunay@6:
  version "6.0.4"
  resolved "https://registry.npmjs.org/d3-delaunay/-/d3-delaunay-6.0.4.tgz"
  integrity sha512-mdjtIZ1XLAM8bm/hx3WwjfHt6Sggek7qH043O8KEjDXN40xi3vx/6pYSVTwLjEgiXQTbvaouWKynLBiUZ6SK6A==
  dependencies:
    delaunator "5"

"d3-dispatch@1 - 3", d3-dispatch@3:
  version "3.0.1"
  resolved "https://registry.npmjs.org/d3-dispatch/-/d3-dispatch-3.0.1.tgz"
  integrity sha512-rzUyPU/S7rwUflMyLc1ETDeBj0NRuHKKAcvukozwhshr6g6c5d8zh4c2gQjY2bZ0dXeGLWc1PF174P2tVvKhfg==

"d3-drag@2 - 3", d3-drag@3:
  version "3.0.0"
  resolved "https://registry.npmjs.org/d3-drag/-/d3-drag-3.0.0.tgz"
  integrity sha512-pWbUJLdETVA8lQNJecMxoXfH6x+mO2UQo8rSmZ+QqxcbyA3hfeprFgIT//HW2nlHChWeIIMwS2Fq+gEARkhTkg==
  dependencies:
    d3-dispatch "1 - 3"
    d3-selection "3"

"d3-dsv@1 - 3", d3-dsv@3:
  version "3.0.1"
  resolved "https://registry.npmjs.org/d3-dsv/-/d3-dsv-3.0.1.tgz"
  integrity sha512-UG6OvdI5afDIFP9w4G0mNq50dSOsXHJaRE8arAS5o9ApWnIElp8GZw1Dun8vP8OyHOZ/QJUKUJwxiiCCnUwm+Q==
  dependencies:
    commander "7"
    iconv-lite "0.6"
    rw "1"

"d3-ease@1 - 3", d3-ease@3:
  version "3.0.1"
  resolved "https://registry.npmjs.org/d3-ease/-/d3-ease-3.0.1.tgz"
  integrity sha512-wR/XK3D3XcLIZwpbvQwQ5fK+8Ykds1ip7A2Txe0yxncXSdq1L9skcG7blcedkOX+ZcgxGAmLX1FrRGbADwzi0w==

d3-fetch@3:
  version "3.0.1"
  resolved "https://registry.npmjs.org/d3-fetch/-/d3-fetch-3.0.1.tgz"
  integrity sha512-kpkQIM20n3oLVBKGg6oHrUchHM3xODkTzjMoj7aWQFq5QEM+R6E4WkzT5+tojDY7yjez8KgCBRoj4aEr99Fdqw==
  dependencies:
    d3-dsv "1 - 3"

d3-force@3:
  version "3.0.0"
  resolved "https://registry.npmjs.org/d3-force/-/d3-force-3.0.0.tgz"
  integrity sha512-zxV/SsA+U4yte8051P4ECydjD/S+qeYtnaIyAs9tgHCqfguma/aAQDjo85A9Z6EKhBirHRJHXIgJUlffT4wdLg==
  dependencies:
    d3-dispatch "1 - 3"
    d3-quadtree "1 - 3"
    d3-timer "1 - 3"

"d3-format@1 - 3", d3-format@3:
  version "3.1.0"
  resolved "https://registry.npmjs.org/d3-format/-/d3-format-3.1.0.tgz"
  integrity sha512-YyUI6AEuY/Wpt8KWLgZHsIU86atmikuoOmCfommt0LYHiQSPjvX2AcFc38PX0CBpr2RCyZhjex+NS/LPOv6YqA==

d3-geo@3:
  version "3.1.0"
  resolved "https://registry.npmjs.org/d3-geo/-/d3-geo-3.1.0.tgz"
  integrity sha512-JEo5HxXDdDYXCaWdwLRt79y7giK8SbhZJbFWXqbRTolCHFI5jRqteLzCsq51NKbUoX0PjBVSohxrx+NoOUujYA==
  dependencies:
    d3-array "2.5.0 - 3"

d3-hierarchy@3:
  version "3.1.2"
  resolved "https://registry.npmjs.org/d3-hierarchy/-/d3-hierarchy-3.1.2.tgz"
  integrity sha512-FX/9frcub54beBdugHjDCdikxThEqjnR93Qt7PvQTOHxyiNCAlvMrHhclk3cD5VeAaq9fxmfRp+CnWw9rEMBuA==

"d3-interpolate@1 - 3", "d3-interpolate@1.2.0 - 3", d3-interpolate@3:
  version "3.0.1"
  resolved "https://registry.npmjs.org/d3-interpolate/-/d3-interpolate-3.0.1.tgz"
  integrity sha512-3bYs1rOD33uo8aqJfKP3JWPAibgw8Zm2+L9vBKEHJ2Rg+viTR7o5Mmv5mZcieN+FRYaAOWX5SJATX6k1PWz72g==
  dependencies:
    d3-color "1 - 3"

d3-path@^3.1.0, "d3-path@1 - 3", d3-path@3:
  version "3.1.0"
  resolved "https://registry.npmjs.org/d3-path/-/d3-path-3.1.0.tgz"
  integrity sha512-p3KP5HCf/bvjBSSKuXid6Zqijx7wIfNW+J/maPs+iwR35at5JCbLUT0LzF1cnjbCHWhqzQTIN2Jpe8pRebIEFQ==

d3-polygon@3:
  version "3.0.1"
  resolved "https://registry.npmjs.org/d3-polygon/-/d3-polygon-3.0.1.tgz"
  integrity sha512-3vbA7vXYwfe1SYhED++fPUQlWSYTTGmFmQiany/gdbiWgU/iEyQzyymwL9SkJjFFuCS4902BSzewVGsHHmHtXg==

"d3-quadtree@1 - 3", d3-quadtree@3:
  version "3.0.1"
  resolved "https://registry.npmjs.org/d3-quadtree/-/d3-quadtree-3.0.1.tgz"
  integrity sha512-04xDrxQTDTCFwP5H6hRhsRcb9xxv2RzkcsygFzmkSIOJy3PeRJP7sNk3VRIbKXcog561P9oU0/rVH6vDROAgUw==

d3-random@3:
  version "3.0.1"
  resolved "https://registry.npmjs.org/d3-random/-/d3-random-3.0.1.tgz"
  integrity sha512-FXMe9GfxTxqd5D6jFsQ+DJ8BJS4E/fT5mqqdjovykEB2oFbTMDVdg1MGFxfQW+FBOGoB++k8swBrgwSHT1cUXQ==

d3-scale-chromatic@3:
  version "3.0.0"
  resolved "https://registry.npmjs.org/d3-scale-chromatic/-/d3-scale-chromatic-3.0.0.tgz"
  integrity sha512-Lx9thtxAKrO2Pq6OO2Ua474opeziKr279P/TKZsMAhYyNDD3EnCffdbgeSYN5O7m2ByQsxtuP2CSDczNUIZ22g==
  dependencies:
    d3-color "1 - 3"
    d3-interpolate "1 - 3"

d3-scale@4:
  version "4.0.2"
  resolved "https://registry.npmjs.org/d3-scale/-/d3-scale-4.0.2.tgz"
  integrity sha512-GZW464g1SH7ag3Y7hXjf8RoUuAFIqklOAq3MRl4OaWabTFJY9PN/E1YklhXLh+OQ3fM9yS2nOkCoS+WLZ6kvxQ==
  dependencies:
    d3-array "2.10.0 - 3"
    d3-format "1 - 3"
    d3-interpolate "1.2.0 - 3"
    d3-time "2.1.1 - 3"
    d3-time-format "2 - 4"

"d3-selection@2 - 3", d3-selection@3:
  version "3.0.0"
  resolved "https://registry.npmjs.org/d3-selection/-/d3-selection-3.0.0.tgz"
  integrity sha512-fmTRWbNMmsmWq6xJV8D19U/gw/bwrHfNXxrIN+HfZgnzqTHp9jOmKMhsTUjXOJnZOdZY9Q28y4yebKzqDKlxlQ==

d3-shape@3:
  version "3.2.0"
  resolved "https://registry.npmjs.org/d3-shape/-/d3-shape-3.2.0.tgz"
  integrity sha512-SaLBuwGm3MOViRq2ABk3eLoxwZELpH6zhl3FbAoJ7Vm1gofKx6El1Ib5z23NUEhF9AsGl7y+dzLe5Cw2AArGTA==
  dependencies:
    d3-path "^3.1.0"

"d3-time-format@2 - 4", d3-time-format@4:
  version "4.1.0"
  resolved "https://registry.npmjs.org/d3-time-format/-/d3-time-format-4.1.0.tgz"
  integrity sha512-dJxPBlzC7NugB2PDLwo9Q8JiTR3M3e4/XANkreKSUxF8vvXKqm1Yfq4Q5dl8budlunRVlUUaDUgFt7eA8D6NLg==
  dependencies:
    d3-time "1 - 3"

"d3-time@1 - 3", "d3-time@2.1.1 - 3", d3-time@3:
  version "3.1.0"
  resolved "https://registry.npmjs.org/d3-time/-/d3-time-3.1.0.tgz"
  integrity sha512-VqKjzBLejbSMT4IgbmVgDjpkYrNWUYJnbCGo874u7MMKIWsILRX+OpX/gTk8MqjpT1A/c6HY2dCA77ZN0lkQ2Q==
  dependencies:
    d3-array "2 - 3"

"d3-timer@1 - 3", d3-timer@3:
  version "3.0.1"
  resolved "https://registry.npmjs.org/d3-timer/-/d3-timer-3.0.1.tgz"
  integrity sha512-ndfJ/JxxMd3nw31uyKoY2naivF+r29V+Lc0svZxe1JvvIRmi8hUsrMvdOwgS1o6uBHmiz91geQ0ylPP0aj1VUA==

"d3-transition@2 - 3", d3-transition@3:
  version "3.0.1"
  resolved "https://registry.npmjs.org/d3-transition/-/d3-transition-3.0.1.tgz"
  integrity sha512-ApKvfjsSR6tg06xrL434C0WydLr7JewBB3V+/39RMHsaXTOG0zmt/OAXeng5M5LBm0ojmxJrpomQVZ1aPvBL4w==
  dependencies:
    d3-color "1 - 3"
    d3-dispatch "1 - 3"
    d3-ease "1 - 3"
    d3-interpolate "1 - 3"
    d3-timer "1 - 3"

d3-zoom@3:
  version "3.0.0"
  resolved "https://registry.npmjs.org/d3-zoom/-/d3-zoom-3.0.0.tgz"
  integrity sha512-b8AmV3kfQaqWAuacbPuNbL6vahnOJflOhexLzMMNLga62+/nh0JzvJ0aO/5a5MVgUFGS7Hu1P9P03o3fJkDCyw==
  dependencies:
    d3-dispatch "1 - 3"
    d3-drag "2 - 3"
    d3-interpolate "1 - 3"
    d3-selection "2 - 3"
    d3-transition "2 - 3"

d3@^7.8.5:
  version "7.8.5"
  resolved "https://registry.npmjs.org/d3/-/d3-7.8.5.tgz"
  integrity sha512-JgoahDG51ncUfJu6wX/1vWQEqOflgXyl4MaHqlcSruTez7yhaRKR9i8VjjcQGeS2en/jnFivXuaIMnseMMt0XA==
  dependencies:
    d3-array "3"
    d3-axis "3"
    d3-brush "3"
    d3-chord "3"
    d3-color "3"
    d3-contour "4"
    d3-delaunay "6"
    d3-dispatch "3"
    d3-drag "3"
    d3-dsv "3"
    d3-ease "3"
    d3-fetch "3"
    d3-force "3"
    d3-format "3"
    d3-geo "3"
    d3-hierarchy "3"
    d3-interpolate "3"
    d3-path "3"
    d3-polygon "3"
    d3-quadtree "3"
    d3-random "3"
    d3-scale "4"
    d3-scale-chromatic "3"
    d3-selection "3"
    d3-shape "3"
    d3-time "3"
    d3-time-format "4"
    d3-timer "3"
    d3-transition "3"
    d3-zoom "3"

delaunator@5:
  version "5.0.0"
  resolved "https://registry.npmjs.org/delaunator/-/delaunator-5.0.0.tgz"
  integrity sha512-AyLvtyJdbv/U1GkiS6gUUzclRoAY4Gs75qkMygJJhU75LW4DNuSF2RMzpxs9jw9Oz1BobHjTdkG3zdP55VxAqw==
  dependencies:
    robust-predicates "^3.0.0"

esbuild-darwin-64@0.14.39:
  version "0.14.39"
  resolved "https://registry.npmjs.org/esbuild-darwin-64/-/esbuild-darwin-64-0.14.39.tgz"
  integrity sha512-ImT6eUw3kcGcHoUxEcdBpi6LfTRWaV6+qf32iYYAfwOeV+XaQ/Xp5XQIBiijLeo+LpGci9M0FVec09nUw41a5g==

esbuild@^0.14.27:
  version "0.14.39"
  resolved "https://registry.npmjs.org/esbuild/-/esbuild-0.14.39.tgz"
  integrity sha512-2kKujuzvRWYtwvNjYDY444LQIA3TyJhJIX3Yo4+qkFlDDtGlSicWgeHVJqMUP/2sSfH10PGwfsj+O2ro1m10xQ==
  optionalDependencies:
    esbuild-android-64 "0.14.39"
    esbuild-android-arm64 "0.14.39"
    esbuild-darwin-64 "0.14.39"
    esbuild-darwin-arm64 "0.14.39"
    esbuild-freebsd-64 "0.14.39"
    esbuild-freebsd-arm64 "0.14.39"
    esbuild-linux-32 "0.14.39"
    esbuild-linux-64 "0.14.39"
    esbuild-linux-arm "0.14.39"
    esbuild-linux-arm64 "0.14.39"
    esbuild-linux-mips64le "0.14.39"
    esbuild-linux-ppc64le "0.14.39"
    esbuild-linux-riscv64 "0.14.39"
    esbuild-linux-s390x "0.14.39"
    esbuild-netbsd-64 "0.14.39"
    esbuild-openbsd-64 "0.14.39"
    esbuild-sunos-64 "0.14.39"
    esbuild-windows-32 "0.14.39"
    esbuild-windows-64 "0.14.39"
    esbuild-windows-arm64 "0.14.39"

eventemitter3@^2.0.0:
  version "2.0.3"
  resolved "https://registry.npmjs.org/eventemitter3/-/eventemitter3-2.0.3.tgz"
  integrity sha512-jLN68Dx5kyFHaePoXWPsCGW5qdyZQtLYHkxkg02/Mz6g0kYpDx4FyP6XfArhQdlOC4b8Mv+EMxPo/8La7Tzghg==

fsevents@~2.3.2:
  version "2.3.2"
  resolved "https://registry.npmjs.org/fsevents/-/fsevents-2.3.2.tgz"
  integrity sha512-xiqMQR4xAeHTuB9uWm+fFRcIOgKBMiOBP+eXiyT7jsgVCq1bkVygt00oASowB7EdtpOHaaPgKt812P9ab+DDKA==

function-bind@^1.1.1:
  version "1.1.1"
  resolved "https://registry.npmjs.org/function-bind/-/function-bind-1.1.1.tgz"
  integrity sha512-yIovAzMX49sF8Yl58fSCWJ5svSLuaibPxXQJFLmBObTuCr0Mf1KiPopGM9NiFjiYBCbfaa2Fh6breQ6ANVTI0A==

has@^1.0.3:
  version "1.0.3"
  resolved "https://registry.npmjs.org/has/-/has-1.0.3.tgz"
  integrity sha512-f2dvO0VU6Oej7RkWJGrehjbzMAjFp5/VKPp5tTpWIV4JHHZK1/BxbFRtf/siA2SWTe09caDmVtYYzWEIbBS4zw==
  dependencies:
    function-bind "^1.1.1"

hey-listen@^1.0.8:
  version "1.0.8"
  resolved "https://registry.npmjs.org/hey-listen/-/hey-listen-1.0.8.tgz"
  integrity sha512-COpmrF2NOg4TBWUJ5UVyaCU2A88wEMkUPK4hNqyCkqHbxT92BbvfjoSozkAIIm6XhicGlJHhFdullInrdhwU8Q==

iconv-lite@0.6:
  version "0.6.3"
  resolved "https://registry.npmjs.org/iconv-lite/-/iconv-lite-0.6.3.tgz"
  integrity sha512-4fCk79wshMdzMp2rH06qWrJE4iolqLhCUH+OiuIgU++RB0+94NlDL81atO7GX55uUKueo0txHNtvEyI6D7WdMw==
  dependencies:
    safer-buffer ">= 2.1.2 < 3.0.0"

"internmap@1 - 2":
  version "2.0.3"
  resolved "https://registry.npmjs.org/internmap/-/internmap-2.0.3.tgz"
  integrity sha512-5Hh7Y1wQbvY5ooGgPbDaL5iYLAPzMTUrjMulskHLH6wnv/A+1q5rgEaiuqEjB+oxGXIVZs1FF+R/KPN3ZSQYYg==

is-core-module@^2.8.1:
  version "2.9.0"
  resolved "https://registry.npmjs.org/is-core-module/-/is-core-module-2.9.0.tgz"
  integrity sha512-+5FPy5PnwmO3lvfMb0AsoPaBG+5KHUI0wYFXOtYPnVVVspTFUuMZNfNaNVRt3FZadstu2c8x23vykRW/NBoU6A==
  dependencies:
    has "^1.0.3"

jsstore@^4.5.4:
  version "4.5.4"
  resolved "https://registry.npmjs.org/jsstore/-/jsstore-4.5.4.tgz"
  integrity sha512-PZF5GmDeZ3NhOa6/MVHgROiVccLHhHzk/T6C+5Q2YCcE+Yj9usN9kw4iSz8YCpMqIgz5te1Via7JNejHeLvLGA==

"kanren-logic@file:.yalc/kanren-logic":
  version "0.1.0"
  resolved "file:.yalc/kanren-logic"
  dependencies:
    better-react "^1.2.4"
    better-react-dom "^1.2.4"
    better-react-dom-helper "file:.yalc/better-react-dom-helper"
    better-react-helper "file:.yalc/better-react-helper"
    stylis-creater "^1.2.2"

motion@^10.11.0:
  version "10.11.0"
  resolved "https://registry.npmjs.org/motion/-/motion-10.11.0.tgz"
  integrity sha512-4F5p+9FOx0UjcCp1T9G3AP9F7EM3WKrD5E0mKfDzoXr6Kgo1CZ5+s4UHzXsYLNtceYVMTqGA20nWsjI9BvZbcg==
  dependencies:
    "@motionone/animation" "^10.10.1"
    "@motionone/dom" "^10.11.0"
    "@motionone/react" "^10.11.0"
    "@motionone/svelte" "^10.11.0"
    "@motionone/types" "^10.9.0"
    "@motionone/vue" "^10.11.0"

nanoid@^3.3.3:
  version "3.3.4"
  resolved "https://registry.npmjs.org/nanoid/-/nanoid-3.3.4.tgz"
  integrity sha512-MqBkQh/OHTS2egovRtLk45wEyNXwF+cokD+1YPf9u5VfJiRdAiRwB2froX5Co9Rh20xs4siNPm8naNotSD6RBw==

path-parse@^1.0.7:
  version "1.0.7"
  resolved "https://registry.npmjs.org/path-parse/-/path-parse-1.0.7.tgz"
  integrity sha512-LDJzPVEEEPR+y48z93A0Ed0yXb8pAByGWo/k5YYdYgpY2/2EsOsksJrq7lOHxryrVOn1ejG6oAp8ahvOIQD8sw==

picocolors@^1.0.0:
  version "1.0.0"
  resolved "https://registry.npmjs.org/picocolors/-/picocolors-1.0.0.tgz"
  integrity sha512-1fygroTLlHu66zi26VoTDv8yRgm0Fccecssto+MhsZ0D/DGW2sm8E8AjW7NU5VVTRt5GxbeZ5qBuJr+HyLYkjQ==

postcss@^8.4.13:
  version "8.4.13"
  resolved "https://registry.npmjs.org/postcss/-/postcss-8.4.13.tgz"
  integrity sha512-jtL6eTBrza5MPzy8oJLFuUscHDXTV5KcLlqAWHl5q5WYRfnNRGSmOZmOZ1T6Gy7A99mOZfqungmZMpMmCVJ8ZA==
  dependencies:
    nanoid "^3.3.3"
    picocolors "^1.0.0"
    source-map-js "^1.0.2"

resolve@^1.22.0:
  version "1.22.0"
  resolved "https://registry.npmjs.org/resolve/-/resolve-1.22.0.tgz"
  integrity sha512-Hhtrw0nLeSrFQ7phPp4OOcVjLPIeMnRlr5mcnVuMe7M/7eBn98A3hmFRLoFo3DLZkivSYwhRUJTyPyWAk56WLw==
  dependencies:
    is-core-module "^2.8.1"
    path-parse "^1.0.7"
    supports-preserve-symlinks-flag "^1.0.0"

robust-predicates@^3.0.0:
  version "3.0.2"
  resolved "https://registry.npmjs.org/robust-predicates/-/robust-predicates-3.0.2.tgz"
  integrity sha512-IXgzBWvWQwE6PrDI05OvmXUIruQTcoMDzRsOd5CDvHCVLcLHMTSYvOK5Cm46kWqlV3yAbuSpBZdJ5oP5OUoStg==

rollup@^2.59.0:
  version "2.73.0"
  resolved "https://registry.npmjs.org/rollup/-/rollup-2.73.0.tgz"
  integrity sha512-h/UngC3S4Zt28mB3g0+2YCMegT5yoftnQplwzPqGZcKvlld5e+kT/QRmJiL+qxGyZKOYpgirWGdLyEO1b0dpLQ==
  optionalDependencies:
    fsevents "~2.3.2"

rw@1:
  version "1.3.3"
  resolved "https://registry.npmjs.org/rw/-/rw-1.3.3.tgz"
  integrity sha512-PdhdWy89SiZogBLaw42zdeqtRJ//zFd2PgQavcICDUgJT5oW10QCRKbJ6bg4r0/UY2M6BWd5tkxuGFRvCkgfHQ==

"safer-buffer@>= 2.1.2 < 3.0.0":
  version "2.1.2"
  resolved "https://registry.npmjs.org/safer-buffer/-/safer-buffer-2.1.2.tgz"
  integrity sha512-YZo3K82SD7Riyi0E1EQPojLz7kpepnSQI9IyPbHHg1XXXevb5dJI7tpyN2ADxGcQbHG7vcyRHk0cbwqcQriUtg==

sax@^1.2.4:
  version "1.2.4"
  resolved "https://registry.npmjs.org/sax/-/sax-1.2.4.tgz"
  integrity sha512-NqVDv9TpANUjFm0N8uM5GxL36UgKi9/atZw+x7YFnQ8ckwFGKrl4xX4yWtrey3UJm5nP1kUbnYgLopqWNSRhWw==

source-map-js@^1.0.2:
  version "1.0.2"
  resolved "https://registry.npmjs.org/source-map-js/-/source-map-js-1.0.2.tgz"
  integrity sha512-R0XvVJ9WusLiqTCEiGCmICCMplcCkIwwR11mOSD9CR5u+IXYdiseeEuXCVAjS54zqwkLcPNnmU4OeJ6tUrWhDw==

stylis-creater@^1.2.2, "stylis-creater@file:.yalc/stylis-creater":
  version "1.2.2"
  resolved "file:.yalc/stylis-creater"
  dependencies:
    stylis "^4.0.13"

stylis@^4.0.13:
  version "4.1.1"
  resolved "https://registry.npmjs.org/stylis/-/stylis-4.1.1.tgz"
  integrity sha512-lVrM/bNdhVX2OgBFNa2YJ9Lxj7kPzylieHd3TNjuGE0Re9JB7joL5VUKOVH1kdNNJTgGPpT8hmwIAPLaSyEVFQ==

supports-preserve-symlinks-flag@^1.0.0:
  version "1.0.0"
  resolved "https://registry.npmjs.org/supports-preserve-symlinks-flag/-/supports-preserve-symlinks-flag-1.0.0.tgz"
  integrity sha512-ot0WnXS9fgdkgIcePe6RHNk1WA8+muPa6cSjeR3V8K27q9BB1rTE3R1p7Hv0z1ZyAc8s6Vvv8DIyWf681MAt0w==

topojson-client@3:
  version "3.1.0"
  resolved "https://registry.npmjs.org/topojson-client/-/topojson-client-3.1.0.tgz"
  integrity sha512-605uxS6bcYxGXw9qi62XyrV6Q3xwbndjachmNxu8HWTtVPxZfEJN9fd/SZS1Q54Sn2y0TMyMxFj/cJINqGHrKw==
  dependencies:
    commander "2"

topojson-client@3.0.0:
  version "3.0.0"
  resolved "https://registry.npmjs.org/topojson-client/-/topojson-client-3.0.0.tgz"
  integrity sha512-2phZ98wg/iKvsWxbB6JQcq0/N0f+sRx8ZogdvjCg+CjaJdmV0knP0OQwK5XbgnytAPx5lPZk41kiWpgH2w9FHg==
  dependencies:
    commander "2"

topojson-server@3.0.0:
  version "3.0.0"
  resolved "https://registry.npmjs.org/topojson-server/-/topojson-server-3.0.0.tgz"
  integrity sha512-UhhwQk4e2+lwhAVYkja3J5nQHQmKwORDuIQPkMnFFZFcLqWKLQWI3u7fZWtNIXTElBjTYdBUL1kzi1+oS/qDQw==
  dependencies:
    commander "2"

topojson-simplify@3.0.2:
  version "3.0.2"
  resolved "https://registry.npmjs.org/topojson-simplify/-/topojson-simplify-3.0.2.tgz"
  integrity sha512-gyYSVRt4jO/0RJXKZQPzTDQRWV+D/nOfiljNUv0HBXslFLtq3yxRHrl7jbrjdbda5Ytdr7M8BZUI4OxU7tnbRQ==
  dependencies:
    commander "2"
    topojson-client "3"

topojson@^3.0.2:
  version "3.0.2"
  resolved "https://registry.npmjs.org/topojson/-/topojson-3.0.2.tgz"
  integrity sha512-u3zeuL6WEVL0dmsRn7uHZKc4Ao4gpW3sORUv+N3ezLTvY3JdCuyg0hvpWiIfFw8p/JwVN++SvAsFgcFEeR15rQ==
  dependencies:
    topojson-client "3.0.0"
    topojson-server "3.0.0"
    topojson-simplify "3.0.2"

tslib@^2.3.1:
  version "2.4.0"
  resolved "https://registry.npmjs.org/tslib/-/tslib-2.4.0.tgz"
  integrity sha512-d6xOpEDfsi2CZVlPQzGeux8XMwLT9hssAsaPYExaQMuYskwb+x1x7J371tWlbBdWHroy99KnVB6qIkUbs5X3UQ==

typescript@^4.5.4:
  version "4.6.4"
  resolved "https://registry.npmjs.org/typescript/-/typescript-4.6.4.tgz"
  integrity sha512-9ia/jWHIEbo49HfjrLGfKbZSuWo9iTMwXO+Ca3pRsSpbsMbc7/IU8NKdCZVRRBafVPGnoJeFL76ZOAA84I9fEg==

vite@^2.9.9:
  version "2.9.9"
  resolved "https://registry.npmjs.org/vite/-/vite-2.9.9.tgz"
  integrity sha512-ffaam+NgHfbEmfw/Vuh6BHKKlI/XIAhxE5QSS7gFLIngxg171mg1P3a4LSRME0z2ZU1ScxoKzphkipcYwSD5Ew==
  dependencies:
    esbuild "^0.14.27"
    postcss "^8.4.13"
    resolve "^1.22.0"
    rollup "^2.59.0"
  optionalDependencies:
    fsevents "~2.3.2"

xml-js@^1.6.11:
  version "1.6.11"
  resolved "https://registry.npmjs.org/xml-js/-/xml-js-1.6.11.tgz"
  integrity sha512-7rVi2KMfwfWFl+GpPg6m80IVMWXLRjO+PxTq7V2CDhoGak0wzYzFgUY2m4XJ47OGdXd8eLE8EmwfAmdjw7lC1g==
  dependencies:
    sax "^1.2.4"

xml-lexer@^0.2.2:
  version "0.2.2"
  resolved "https://registry.npmjs.org/xml-lexer/-/xml-lexer-0.2.2.tgz"
  integrity sha512-G0i98epIwiUEiKmMcavmVdhtymW+pCAohMRgybyIME9ygfVu8QheIi+YoQh3ngiThsT0SQzJT4R0sKDEv8Ou0w==
  dependencies:
    eventemitter3 "^2.0.0"

xml-reader@^2.4.3:
  version "2.4.3"
  resolved "https://registry.npmjs.org/xml-reader/-/xml-reader-2.4.3.tgz"
  integrity sha512-xWldrIxjeAMAu6+HSf9t50ot1uL5M+BtOidRCWHXIeewvSeIpscWCsp4Zxjk8kHHhdqFBrfK8U0EJeCcnyQ/gA==
  dependencies:
    eventemitter3 "^2.0.0"
    xml-lexer "^0.2.2"

zod@^3.22.4:
  version "3.22.4"
  resolved "https://registry.npmjs.org/zod/-/zod-3.22.4.tgz"
  integrity sha512-iC+8Io04lddc+mVqQ9AZ7OQ2MrUKGN+oIQyq1vemgt46jwCwLfhq7/pwnBnNXXXZb8VTVLKwp9EDkx+ryxIWmg==
