{
  "version": "v1",
  "packages": {
    "better-react-dom": {
      "signature": "e219f25be38cd20fadcb4644923009ff",
      "file": true,
      "replaced": "^1.0.8"
    },
    "better-react": {
      "signature": "293f5352999435defa960525607fe460",
      "file": true,
      "replaced": "^1.1.0"
    }
  }
}