{
  "version": "v1",
  "packages": {
    "better-react-dom": {
      "signature": "cbc07aeb003607135d20441d44f00c94",
      "file": true,
      "replaced": "^1.1.3"
    },
    "better-react": {
      "signature": "5ba8eeabf11a5778afae253951e8634d",
      "file": true,
      "replaced": "^1.2.0"
    }
  }
}